
Microsoft Visual Studio Solution File, Format Version 12.00
# Visual Studio 15
VisualStudioVersion = 15.0.27428.2011
MinimumVisualStudioVersion = 10.0.40219.1
Project("{FAE04EC0-301F-11D3-BF4B-00C04F79EFBC}") = "ZAD_1", "ZAD_1\ZAD_1.csproj", "{B46E082E-3AEE-46F6-995D-2F02B690A0C6}"
EndProject
Global
	GlobalSection(SolutionConfigurationPlatforms) = preSolution
		Debug|Any CPU = Debug|Any CPU
		Release|Any CPU = Release|Any CPU
	EndGlobalSection
	GlobalSection(ProjectConfigurationPlatforms) = postSolution
		{B46E082E-3AEE-46F6-995D-2F02B690A0C6}.Debug|Any CPU.ActiveCfg = Debug|Any CPU
		{B46E082E-3AEE-46F6-995D-2F02B690A0C6}.Debug|Any CPU.Build.0 = Debug|Any CPU
		{B46E082E-3AEE-46F6-995D-2F02B690A0C6}.Release|Any CPU.ActiveCfg = Release|Any CPU
		{B46E082E-3AEE-46F6-995D-2F02B690A0C6}.Release|Any CPU.Build.0 = Release|Any CPU
	EndGlobalSection
	GlobalSection(SolutionProperties) = preSolution
		HideSolutionNode = FALSE
	EndGlobalSection
	GlobalSection(ExtensibilityGlobals) = postSolution
		SolutionGuid = {32F9968F-B31A-43B6-97D0-03DF4107E91B}
	EndGlobalSection
EndGlobal
